{
  "name": "tmbilling-ckeditor-builder",
  "version": "1.0.0",
  "lockfileVersion": 3,
  "requires": true,
  "packages": {
    "": {
      "name": "tmbilling-ckeditor-builder",
      "version": "1.0.0",
      "dependencies": {
        "@ckeditor/ckeditor5-alignment": "^38.0.0",
        "@ckeditor/ckeditor5-basic-styles": "^38.0.0",
        "@ckeditor/ckeditor5-block-quote": "^38.0.0",
        "@ckeditor/ckeditor5-code-block": "^38.0.0",
        "@ckeditor/ckeditor5-editor-classic": "^38.0.0",
        "@ckeditor/ckeditor5-essentials": "^38.0.0",
        "@ckeditor/ckeditor5-font": "^38.0.0",
        "@ckeditor/ckeditor5-heading": "^38.0.0",
        "@ckeditor/ckeditor5-highlight": "^38.0.0",
        "@ckeditor/ckeditor5-image": "^38.0.0",
        "@ckeditor/ckeditor5-indent": "^38.0.0",
        "@ckeditor/ckeditor5-link": "^38.0.0",
        "@ckeditor/ckeditor5-list": "^38.0.0",
        "@ckeditor/ckeditor5-paragraph": "^38.0.0",
        "@ckeditor/ckeditor5-table": "^38.0.0",
        "@ckeditor/ckeditor5-theme-lark": "^38.0.0",
        "@ckeditor/ckeditor5-undo": "^38.0.0"
      },
      "devDependencies": {
        "esbuild": "^0.20.0"
      }
    },
    "node_modules/@ckeditor/ckeditor5-alignment": {
      "version": "38.1.1",
      "resolved": "https://registry.npmjs.org/@ckeditor/ckeditor5-alignment/-/ckeditor5-alignment-38.1.1.tgz",
      "integrity": "sha512-eq8T9/YLjwFsspxDfEtvZqKuh/D0ckGHN42tzfM+TCcvpYgFDzxJd/GbenewVdQW4iU87JvKpS7aOaKCeJ5ckw==",
      "license": "GPL-2.0-or-later",
      "dependencies": {
        "ckeditor5": "38.1.1"
      },
      "engines": {
        "node": ">=16.0.0",
        "npm": ">=5.7.1"
      }
    },
    "node_modules/@ckeditor/ckeditor5-basic-styles": {
      "version": "38.1.1",
      "resolved": "https://registry.npmjs.org/@ckeditor/ckeditor5-basic-styles/-/ckeditor5-basic-styles-38.1.1.tgz",
      "integrity": "sha512-+mky2W983jaSlYpvQ31af0ethMQxXUxuBkd2IzRi2cchvSK9YbQtBSkV0EM595uoJa1S3doyCJn7Y8bOdE+v3A==",
      "license": "GPL-2.0-or-later",
      "dependencies": {
        "ckeditor5": "38.1.1"
      },
      "engines": {
        "node": ">=16.0.0",
        "npm": ">=5.7.1"
      }
    },
    "node_modules/@ckeditor/ckeditor5-block-quote": {
      "version": "38.1.1",
      "resolved": "https://registry.npmjs.org/@ckeditor/ckeditor5-block-quote/-/ckeditor5-block-quote-38.1.1.tgz",
      "integrity": "sha512-YPSw+qTE71mvQTo5OA2M9oQp1jpUJrj1d15mbVE5DIyvc2CMWRltqV49GoM15ZpzgQWbaF3VZ8ZT0+vZlfS0lw==",
      "license": "GPL-2.0-or-later",
      "dependencies": {
        "ckeditor5": "38.1.1"
      },
      "engines": {
        "node": ">=16.0.0",
        "npm": ">=5.7.1"
      }
    },
    "node_modules/@ckeditor/ckeditor5-clipboard": {
      "version": "38.1.1",
      "resolved": "https://registry.npmjs.org/@ckeditor/ckeditor5-clipboard/-/ckeditor5-clipboard-38.1.1.tgz",
      "integrity": "sha512-FN6QxWw0ZcoMsCkm6FuN2do//qjNGofnsFernKWJPbL2E056dvB4WmhYHa4fCvGASCROcJ17yUV7oYI+1ah/og==",
      "license": "GPL-2.0-or-later",
      "dependencies": {
        "@ckeditor/ckeditor5-core": "38.1.1",
        "@ckeditor/ckeditor5-engine": "38.1.1",
        "@ckeditor/ckeditor5-ui": "38.1.1",
        "@ckeditor/ckeditor5-utils": "38.1.1",
        "@ckeditor/ckeditor5-widget": "38.1.1",
        "lodash-es": "^4.17.15"
      },
      "engines": {
        "node": ">=16.0.0",
        "npm": ">=5.7.1"
      }
    },
    "node_modules/@ckeditor/ckeditor5-code-block": {
      "version": "38.1.1",
      "resolved": "https://registry.npmjs.org/@ckeditor/ckeditor5-code-block/-/ckeditor5-code-block-38.1.1.tgz",
      "integrity": "sha512-7Id5TQ3pXSBLl2eJqsmRAbfnUfB5mT6+8h6Rz9jofXgJ4ytK8Yx69kaAVfgB/FZlfUMKXFyxayMDZMcjKMJSbw==",
      "license": "GPL-2.0-or-later",
      "dependencies": {
        "ckeditor5": "38.1.1"
      },
      "engines": {
        "node": ">=16.0.0",
        "npm": ">=5.7.1"
      }
    },
    "node_modules/@ckeditor/ckeditor5-core": {
      "version": "38.1.1",
      "resolved": "https://registry.npmjs.org/@ckeditor/ckeditor5-core/-/ckeditor5-core-38.1.1.tgz",
      "integrity": "sha512-5yC+oSoCnjfOrvmECbwtu4zBt9S5dJfOYsAzfIGEbmD9DVGIyLBDKEjJ9IbAKAy1HG6CgAkZyv1YyEc5G5g3ew==",
      "license": "GPL-2.0-or-later",
      "dependencies": {
        "@ckeditor/ckeditor5-engine": "38.1.1",
        "@ckeditor/ckeditor5-utils": "38.1.1",
        "lodash-es": "^4.17.15"
      },
      "engines": {
        "node": ">=16.0.0",
        "npm": ">=5.7.1"
      }
    },
    "node_modules/@ckeditor/ckeditor5-editor-classic": {
      "version": "38.1.1",
      "resolved": "https://registry.npmjs.org/@ckeditor/ckeditor5-editor-classic/-/ckeditor5-editor-classic-38.1.1.tgz",
      "integrity": "sha512-LSh60tSuR8pGnLswy+Smx7x0NtFjbVX2dGiEkMyh4O0JLok/YgS3IU6UmoEd9FTjGqnOZ3644h3SpkSu84uDYA==",
      "license": "GPL-2.0-or-later",
      "dependencies": {
        "ckeditor5": "38.1.1",
        "lodash-es": "^4.17.15"
      },
      "engines": {
        "node": ">=16.0.0",
        "npm": ">=5.7.1"
      }
    },
    "node_modules/@ckeditor/ckeditor5-engine": {
      "version": "38.1.1",
      "resolved": "https://registry.npmjs.org/@ckeditor/ckeditor5-engine/-/ckeditor5-engine-38.1.1.tgz",
      "integrity": "sha512-Z0LYg7B4vN3ZNUf3utmBRXQBn3JNy81Xs+45sQ09Fpf5p6aKer37vxEA315O17PnWYndildeKNRUNdjI942HcQ==",
      "license": "GPL-2.0-or-later",
      "dependencies": {
        "@ckeditor/ckeditor5-utils": "38.1.1",
        "lodash-es": "^4.17.15"
      },
      "engines": {
        "node": ">=16.0.0",
        "npm": ">=5.7.1"
      }
    },
    "node_modules/@ckeditor/ckeditor5-enter": {
      "version": "38.1.1",
      "resolved": "https://registry.npmjs.org/@ckeditor/ckeditor5-enter/-/ckeditor5-enter-38.1.1.tgz",
      "integrity": "sha512-jzlTvyBwBw4TLr03NXwVeZD87pOSjisx8WCEahWM8Rxrw77k+7rg3blAWmmpw9cHUp2WkpxCztfvQtQouT9Jpw==",
      "license": "GPL-2.0-or-later",
      "dependencies": {
        "@ckeditor/ckeditor5-core": "38.1.1",
        "@ckeditor/ckeditor5-engine": "38.1.1",
        "@ckeditor/ckeditor5-utils": "38.1.1"
      },
      "engines": {
        "node": ">=16.0.0",
        "npm": ">=5.7.1"
      }
    },
    "node_modules/@ckeditor/ckeditor5-essentials": {
      "version": "38.1.1",
      "resolved": "https://registry.npmjs.org/@ckeditor/ckeditor5-essentials/-/ckeditor5-essentials-38.1.1.tgz",
      "integrity": "sha512-8Upvcjqny39pEZM5JbdyM8MESGjC6IkAJpjvqEFkbZsFcFzXjPolbxPReI3Xbl74XaMGYpwfraTv7ozkCxD7eA==",
      "license": "GPL-2.0-or-later",
      "dependencies": {
        "ckeditor5": "38.1.1"
      },
      "engines": {
        "node": ">=16.0.0",
        "npm": ">=5.7.1"
      }
    },
    "node_modules/@ckeditor/ckeditor5-font": {
      "version": "38.1.1",
      "resolved": "https://registry.npmjs.org/@ckeditor/ckeditor5-font/-/ckeditor5-font-38.1.1.tgz",
      "integrity": "sha512-DHXtwbMbX4BtRzlCFTe/3Z2bISf5c1tOpu9+RozcOEnV3it0B8R8HacrETcbK3s0sH9zG5iZCVj5sRC66/TEvg==",
      "license": "GPL-2.0-or-later",
      "dependencies": {
        "@ckeditor/ckeditor5-ui": "38.1.1",
        "ckeditor5": "38.1.1"
      },
      "engines": {
        "node": ">=16.0.0",
        "npm": ">=5.7.1"
      }
    },
    "node_modules/@ckeditor/ckeditor5-heading": {
      "version": "38.1.1",
      "resolved": "https://registry.npmjs.org/@ckeditor/ckeditor5-heading/-/ckeditor5-heading-38.1.1.tgz",
      "integrity": "sha512-uEh62XWpw5uIpaslJfn8YZ+9DfViCRR5auAz5SdiYDY+tdLjwKS308S1um5i5G/CLjp1M3uXlvDieOopit9nYg==",
      "license": "GPL-2.0-or-later",
      "dependencies": {
        "ckeditor5": "38.1.1"
      },
      "engines": {
        "node": ">=16.0.0",
        "npm": ">=5.7.1"
      }
    },
    "node_modules/@ckeditor/ckeditor5-highlight": {
      "version": "38.1.1",
      "resolved": "https://registry.npmjs.org/@ckeditor/ckeditor5-highlight/-/ckeditor5-highlight-38.1.1.tgz",
      "integrity": "sha512-IuxfzYx/Pqh8AXLfC82gtoE83VmgpaxupAuD1RkrFbyKITzA+FWqvAztdVSxL7MYuf8DnL9UbRHXG1g+0kyd7Q==",
      "license": "GPL-2.0-or-later",
      "dependencies": {
        "ckeditor5": "38.1.1"
      },
      "engines": {
        "node": ">=16.0.0",
        "npm": ">=5.7.1"
      }
    },
    "node_modules/@ckeditor/ckeditor5-image": {
      "version": "38.1.1",
      "resolved": "https://registry.npmjs.org/@ckeditor/ckeditor5-image/-/ckeditor5-image-38.1.1.tgz",
      "integrity": "sha512-iXUlw38Eoo5zwj3h9eKULenEDPYoohPLT/74UDYw1V7Q3QY3dN4fCovcWwQx7VFPMPFUtd5T1S/ki/3UpLQhSA==",
      "license": "GPL-2.0-or-later",
      "dependencies": {
        "@ckeditor/ckeditor5-ui": "38.1.1",
        "ckeditor5": "38.1.1",
        "lodash-es": "^4.17.15"
      },
      "engines": {
        "node": ">=16.0.0",
        "npm": ">=5.7.1"
      }
    },
    "node_modules/@ckeditor/ckeditor5-indent": {
      "version": "38.1.1",
      "resolved": "https://registry.npmjs.org/@ckeditor/ckeditor5-indent/-/ckeditor5-indent-38.1.1.tgz",
      "integrity": "sha512-Wr0lAiTVGVAD4N/4zqFSGdO40uZEUdVaPFBNzRz2XeohLlMiu5poaWQkEmwtShyl8CFG5MYIayw0JBDw7uHPbA==",
      "license": "GPL-2.0-or-later",
      "dependencies": {
        "ckeditor5": "38.1.1"
      },
      "engines": {
        "node": ">=16.0.0",
        "npm": ">=5.7.1"
      }
    },
    "node_modules/@ckeditor/ckeditor5-link": {
      "version": "38.1.1",
      "resolved": "https://registry.npmjs.org/@ckeditor/ckeditor5-link/-/ckeditor5-link-38.1.1.tgz",
      "integrity": "sha512-CMIPPaUIOvVPW/gIEmcZ00bYbQyy3/YenxPrzmdMkYjDWoPqfhDnn4FTrgEBYyWRXTNXXrS7D08VGeGCDOyYPA==",
      "license": "GPL-2.0-or-later",
      "dependencies": {
        "@ckeditor/ckeditor5-ui": "38.1.1",
        "ckeditor5": "38.1.1",
        "lodash-es": "^4.17.15"
      },
      "engines": {
        "node": ">=16.0.0",
        "npm": ">=5.7.1"
      }
    },
    "node_modules/@ckeditor/ckeditor5-list": {
      "version": "38.1.1",
      "resolved": "https://registry.npmjs.org/@ckeditor/ckeditor5-list/-/ckeditor5-list-38.1.1.tgz",
      "integrity": "sha512-FzBdAZWaBXjUYmtd7fDzIJ4evXM6n1RbNYG7ICzoviarlKL99mv/wLEkEvNDH0japdu/G11JtV36tRtBCzwoDQ==",
      "license": "GPL-2.0-or-later",
      "dependencies": {
        "@ckeditor/ckeditor5-ui": "38.1.1",
        "ckeditor5": "38.1.1"
      },
      "engines": {
        "node": ">=16.0.0",
        "npm": ">=5.7.1"
      }
    },
    "node_modules/@ckeditor/ckeditor5-paragraph": {
      "version": "38.1.1",
      "resolved": "https://registry.npmjs.org/@ckeditor/ckeditor5-paragraph/-/ckeditor5-paragraph-38.1.1.tgz",
      "integrity": "sha512-IsiCDTMK5s9T1QWwiLW90VFKsNfsTUlYy8tnr/sH5t2QFP8LOkF2ZL2igb/BqyuROrGVvS8At+BTnlH3hqAW/Q==",
      "license": "GPL-2.0-or-later",
      "dependencies": {
        "@ckeditor/ckeditor5-core": "38.1.1",
        "@ckeditor/ckeditor5-ui": "38.1.1",
        "@ckeditor/ckeditor5-utils": "38.1.1"
      },
      "engines": {
        "node": ">=16.0.0",
        "npm": ">=5.7.1"
      }
    },
    "node_modules/@ckeditor/ckeditor5-select-all": {
      "version": "38.1.1",
      "resolved": "https://registry.npmjs.org/@ckeditor/ckeditor5-select-all/-/ckeditor5-select-all-38.1.1.tgz",
      "integrity": "sha512-e/JUdGsBkf902rG0g+6ii/QhDP+LFV2W9bxhrGppLahzPX09NT5BCJh2/bTtUPw0cIRpk49ji7hNBzDjCKqctQ==",
      "license": "GPL-2.0-or-later",
      "dependencies": {
        "@ckeditor/ckeditor5-core": "38.1.1",
        "@ckeditor/ckeditor5-ui": "38.1.1",
        "@ckeditor/ckeditor5-utils": "38.1.1"
      },
      "engines": {
        "node": ">=16.0.0",
        "npm": ">=5.7.1"
      }
    },
    "node_modules/@ckeditor/ckeditor5-table": {
      "version": "38.1.1",
      "resolved": "https://registry.npmjs.org/@ckeditor/ckeditor5-table/-/ckeditor5-table-38.1.1.tgz",
      "integrity": "sha512-QOTc+Re3K5mY6GHC2vmglNb8k5D49cCjVlO2ORvr3Pk/Nepmk6asW3NoSfox8YJZSAfJyloD+t56FagZSokP+g==",
      "license": "GPL-2.0-or-later",
      "dependencies": {
        "ckeditor5": "38.1.1",
        "lodash-es": "^4.17.15"
      },
      "engines": {
        "node": ">=16.0.0",
        "npm": ">=5.7.1"
      }
    },
    "node_modules/@ckeditor/ckeditor5-theme-lark": {
      "version": "38.1.1",
      "resolved": "https://registry.npmjs.org/@ckeditor/ckeditor5-theme-lark/-/ckeditor5-theme-lark-38.1.1.tgz",
      "integrity": "sha512-kuUP7XnrcvtBPERLO1AfiHGdS+n9uC8Fdg2w5g06pDyi+/QpqS40liISffxX8wWlUOKM2rjAnI775sGCGl32Yg==",
      "license": "GPL-2.0-or-later",
      "dependencies": {
        "@ckeditor/ckeditor5-ui": "38.1.1"
      },
      "engines": {
        "node": ">=16.0.0",
        "npm": ">=5.7.1"
      }
    },
    "node_modules/@ckeditor/ckeditor5-typing": {
      "version": "38.1.1",
      "resolved": "https://registry.npmjs.org/@ckeditor/ckeditor5-typing/-/ckeditor5-typing-38.1.1.tgz",
      "integrity": "sha512-KU0wF1ueWFwK3BnkGB2v2vpjISgwmC0OxpPM0RLHCDG5iSvIkPbu1tUj9rbxRx45JM6xgpTP1C9kEFSm5w5MoQ==",
      "license": "GPL-2.0-or-later",
      "dependencies": {
        "@ckeditor/ckeditor5-core": "38.1.1",
        "@ckeditor/ckeditor5-engine": "38.1.1",
        "@ckeditor/ckeditor5-utils": "38.1.1",
        "lodash-es": "^4.17.15"
      },
      "engines": {
        "node": ">=16.0.0",
        "npm": ">=5.7.1"
      }
    },
    "node_modules/@ckeditor/ckeditor5-ui": {
      "version": "38.1.1",
      "resolved": "https://registry.npmjs.org/@ckeditor/ckeditor5-ui/-/ckeditor5-ui-38.1.1.tgz",
      "integrity": "sha512-lTqOaciupH66Zz7BSRGOm5DyjLURJwmFfZyCYCKD6+ZbTsxcP1asdiUm8y3bOx2maRCZTrHMhuAANp3qFWXoLQ==",
      "license": "GPL-2.0-or-later",
      "dependencies": {
        "@ckeditor/ckeditor5-core": "38.1.1",
        "@ckeditor/ckeditor5-utils": "38.1.1",
        "color-convert": "2.0.1",
        "color-parse": "1.4.2",
        "lodash-es": "^4.17.15",
        "vanilla-colorful": "0.7.2"
      },
      "engines": {
        "node": ">=16.0.0",
        "npm": ">=5.7.1"
      }
    },
    "node_modules/@ckeditor/ckeditor5-undo": {
      "version": "38.1.1",
      "resolved": "https://registry.npmjs.org/@ckeditor/ckeditor5-undo/-/ckeditor5-undo-38.1.1.tgz",
      "integrity": "sha512-21XCRb4XKYrK2bAkNTbOUb3Cmbu4FB11cqG3ncIg2rWSHSJJOijMdvZpZBvNpXVEsvJgA2Ol7bCiSXgdVUR/yQ==",
      "license": "GPL-2.0-or-later",
      "dependencies": {
        "@ckeditor/ckeditor5-core": "38.1.1",
        "@ckeditor/ckeditor5-engine": "38.1.1",
        "@ckeditor/ckeditor5-ui": "38.1.1"
      },
      "engines": {
        "node": ">=16.0.0",
        "npm": ">=5.7.1"
      }
    },
    "node_modules/@ckeditor/ckeditor5-upload": {
      "version": "38.1.1",
      "resolved": "https://registry.npmjs.org/@ckeditor/ckeditor5-upload/-/ckeditor5-upload-38.1.1.tgz",
      "integrity": "sha512-c7zau/N4cGJKpNPoRj0QEAQKOiIQzrSK2UCG0JsPtfF9jzTWa5fIJ/6hSHquwjtnhkB7zAL0PKXwcTNpdlyibA==",
      "license": "GPL-2.0-or-later",
      "dependencies": {
        "@ckeditor/ckeditor5-core": "38.1.1",
        "@ckeditor/ckeditor5-ui": "38.1.1",
        "@ckeditor/ckeditor5-utils": "38.1.1"
      },
      "engines": {
        "node": ">=16.0.0",
        "npm": ">=5.7.1"
      }
    },
    "node_modules/@ckeditor/ckeditor5-utils": {
      "version": "38.1.1",
      "resolved": "https://registry.npmjs.org/@ckeditor/ckeditor5-utils/-/ckeditor5-utils-38.1.1.tgz",
      "integrity": "sha512-+dSCchr8sseqWSfCuuOk5uajCo2Tr71IXmn3EGalEHE6Fc1GjWElO90GAA4Pbezrt1zG1tDqhh+bZHULAcK8wQ==",
      "license": "GPL-2.0-or-later",
      "dependencies": {
        "lodash-es": "^4.17.15"
      },
      "engines": {
        "node": ">=16.0.0",
        "npm": ">=5.7.1"
      }
    },
    "node_modules/@ckeditor/ckeditor5-watchdog": {
      "version": "38.1.1",
      "resolved": "https://registry.npmjs.org/@ckeditor/ckeditor5-watchdog/-/ckeditor5-watchdog-38.1.1.tgz",
      "integrity": "sha512-NijdWJsl+vnzdtyhI0u0Ln2TEVaSLa2VEHyB7J1r57cUN9Bq5tqRH4/BhvvqGKGc9lkpbvcSFduH2c6StHm0rw==",
      "license": "GPL-2.0-or-later",
      "dependencies": {
        "lodash-es": "^4.17.15"
      },
      "engines": {
        "node": ">=16.0.0",
        "npm": ">=5.7.1"
      }
    },
    "node_modules/@ckeditor/ckeditor5-widget": {
      "version": "38.1.1",
      "resolved": "https://registry.npmjs.org/@ckeditor/ckeditor5-widget/-/ckeditor5-widget-38.1.1.tgz",
      "integrity": "sha512-WAQhYBRfpu5jhV7Subc8pVkHYFCgXyJ65bQg5Jn8Em86lySejXQEi/GowjKwkwzlSrceqDrELEJV9jcCaUZlaA==",
      "license": "GPL-2.0-or-later",
      "dependencies": {
        "@ckeditor/ckeditor5-core": "38.1.1",
        "@ckeditor/ckeditor5-engine": "38.1.1",
        "@ckeditor/ckeditor5-enter": "38.1.1",
        "@ckeditor/ckeditor5-typing": "38.1.1",
        "@ckeditor/ckeditor5-ui": "38.1.1",
        "@ckeditor/ckeditor5-utils": "38.1.1",
        "lodash-es": "^4.17.15"
      },
      "engines": {
        "node": ">=16.0.0",
        "npm": ">=5.7.1"
      }
    },
    "node_modules/@esbuild/aix-ppc64": {
      "version": "0.20.2",
      "resolved": "https://registry.npmjs.org/@esbuild/aix-ppc64/-/aix-ppc64-0.20.2.tgz",
      "integrity": "sha512-D+EBOJHXdNZcLJRBkhENNG8Wji2kgc9AZ9KiPr1JuZjsNtyHzrsfLRrY0tk2H2aoFu6RANO1y1iPPUCDYWkb5g==",
      "cpu": [
        "ppc64"
      ],
      "dev": true,
      "license": "MIT",
      "optional": true,
      "os": [
        "aix"
      ],
      "engines": {
        "node": ">=12"
      }
    },
    "node_modules/@esbuild/android-arm": {
      "version": "0.20.2",
      "resolved": "https://registry.npmjs.org/@esbuild/android-arm/-/android-arm-0.20.2.tgz",
      "integrity": "sha512-t98Ra6pw2VaDhqNWO2Oph2LXbz/EJcnLmKLGBJwEwXX/JAN83Fym1rU8l0JUWK6HkIbWONCSSatf4sf2NBRx/w==",
      "cpu": [
        "arm"
      ],
      "dev": true,
      "license": "MIT",
      "optional": true,
      "os": [
        "android"
      ],
      "engines": {
        "node": ">=12"
      }
    },
    "node_modules/@esbuild/android-arm64": {
      "version": "0.20.2",
      "resolved": "https://registry.npmjs.org/@esbuild/android-arm64/-/android-arm64-0.20.2.tgz",
      "integrity": "sha512-mRzjLacRtl/tWU0SvD8lUEwb61yP9cqQo6noDZP/O8VkwafSYwZ4yWy24kan8jE/IMERpYncRt2dw438LP3Xmg==",
      "cpu": [
        "arm64"
      ],
      "dev": true,
      "license": "MIT",
      "optional": true,
      "os": [
        "android"
      ],
      "engines": {
        "node": ">=12"
      }
    },
    "node_modules/@esbuild/android-x64": {
      "version": "0.20.2",
      "resolved": "https://registry.npmjs.org/@esbuild/android-x64/-/android-x64-0.20.2.tgz",
      "integrity": "sha512-btzExgV+/lMGDDa194CcUQm53ncxzeBrWJcncOBxuC6ndBkKxnHdFJn86mCIgTELsooUmwUm9FkhSp5HYu00Rg==",
      "cpu": [
        "x64"
      ],
      "dev": true,
      "license": "MIT",
      "optional": true,
      "os": [
        "android"
      ],
      "engines": {
        "node": ">=12"
      }
    },
    "node_modules/@esbuild/darwin-arm64": {
      "version": "0.20.2",
      "resolved": "https://registry.npmjs.org/@esbuild/darwin-arm64/-/darwin-arm64-0.20.2.tgz",
      "integrity": "sha512-4J6IRT+10J3aJH3l1yzEg9y3wkTDgDk7TSDFX+wKFiWjqWp/iCfLIYzGyasx9l0SAFPT1HwSCR+0w/h1ES/MjA==",
      "cpu": [
        "arm64"
      ],
      "dev": true,
      "license": "MIT",
      "optional": true,
      "os": [
        "darwin"
      ],
      "engines": {
        "node": ">=12"
      }
    },
    "node_modules/@esbuild/darwin-x64": {
      "version": "0.20.2",
      "resolved": "https://registry.npmjs.org/@esbuild/darwin-x64/-/darwin-x64-0.20.2.tgz",
      "integrity": "sha512-tBcXp9KNphnNH0dfhv8KYkZhjc+H3XBkF5DKtswJblV7KlT9EI2+jeA8DgBjp908WEuYll6pF+UStUCfEpdysA==",
      "cpu": [
        "x64"
      ],
      "dev": true,
      "license": "MIT",
      "optional": true,
      "os": [
        "darwin"
      ],
      "engines": {
        "node": ">=12"
      }
    },
    "node_modules/@esbuild/freebsd-arm64": {
      "version": "0.20.2",
      "resolved": "https://registry.npmjs.org/@esbuild/freebsd-arm64/-/freebsd-arm64-0.20.2.tgz",
      "integrity": "sha512-d3qI41G4SuLiCGCFGUrKsSeTXyWG6yem1KcGZVS+3FYlYhtNoNgYrWcvkOoaqMhwXSMrZRl69ArHsGJ9mYdbbw==",
      "cpu": [
        "arm64"
      ],
      "dev": true,
      "license": "MIT",
      "optional": true,
      "os": [
        "freebsd"
      ],
      "engines": {
        "node": ">=12"
      }
    },
    "node_modules/@esbuild/freebsd-x64": {
      "version": "0.20.2",
      "resolved": "https://registry.npmjs.org/@esbuild/freebsd-x64/-/freebsd-x64-0.20.2.tgz",
      "integrity": "sha512-d+DipyvHRuqEeM5zDivKV1KuXn9WeRX6vqSqIDgwIfPQtwMP4jaDsQsDncjTDDsExT4lR/91OLjRo8bmC1e+Cw==",
      "cpu": [
        "x64"
      ],
      "dev": true,
      "license": "MIT",
      "optional": true,
      "os": [
        "freebsd"
      ],
      "engines": {
        "node": ">=12"
      }
    },
    "node_modules/@esbuild/linux-arm": {
      "version": "0.20.2",
      "resolved": "https://registry.npmjs.org/@esbuild/linux-arm/-/linux-arm-0.20.2.tgz",
      "integrity": "sha512-VhLPeR8HTMPccbuWWcEUD1Az68TqaTYyj6nfE4QByZIQEQVWBB8vup8PpR7y1QHL3CpcF6xd5WVBU/+SBEvGTg==",
      "cpu": [
        "arm"
      ],
      "dev": true,
      "license": "MIT",
      "optional": true,
      "os": [
        "linux"
      ],
      "engines": {
        "node": ">=12"
      }
    },
    "node_modules/@esbuild/linux-arm64": {
      "version": "0.20.2",
      "resolved": "https://registry.npmjs.org/@esbuild/linux-arm64/-/linux-arm64-0.20.2.tgz",
      "integrity": "sha512-9pb6rBjGvTFNira2FLIWqDk/uaf42sSyLE8j1rnUpuzsODBq7FvpwHYZxQ/It/8b+QOS1RYfqgGFNLRI+qlq2A==",
      "cpu": [
        "arm64"
      ],
      "dev": true,
      "license": "MIT",
      "optional": true,
      "os": [
        "linux"
      ],
      "engines": {
        "node": ">=12"
      }
    },
    "node_modules/@esbuild/linux-ia32": {
      "version": "0.20.2",
      "resolved": "https://registry.npmjs.org/@esbuild/linux-ia32/-/linux-ia32-0.20.2.tgz",
      "integrity": "sha512-o10utieEkNPFDZFQm9CoP7Tvb33UutoJqg3qKf1PWVeeJhJw0Q347PxMvBgVVFgouYLGIhFYG0UGdBumROyiig==",
      "cpu": [
        "ia32"
      ],
      "dev": true,
      "license": "MIT",
      "optional": true,
      "os": [
        "linux"
      ],
      "engines": {
        "node": ">=12"
      }
    },
    "node_modules/@esbuild/linux-loong64": {
      "version": "0.20.2",
      "resolved": "https://registry.npmjs.org/@esbuild/linux-loong64/-/linux-loong64-0.20.2.tgz",
      "integrity": "sha512-PR7sp6R/UC4CFVomVINKJ80pMFlfDfMQMYynX7t1tNTeivQ6XdX5r2XovMmha/VjR1YN/HgHWsVcTRIMkymrgQ==",
      "cpu": [
        "loong64"
      ],
      "dev": true,
      "license": "MIT",
      "optional": true,
      "os": [
        "linux"
      ],
      "engines": {
        "node": ">=12"
      }
    },
    "node_modules/@esbuild/linux-mips64el": {
      "version": "0.20.2",
      "resolved": "https://registry.npmjs.org/@esbuild/linux-mips64el/-/linux-mips64el-0.20.2.tgz",
      "integrity": "sha512-4BlTqeutE/KnOiTG5Y6Sb/Hw6hsBOZapOVF6njAESHInhlQAghVVZL1ZpIctBOoTFbQyGW+LsVYZ8lSSB3wkjA==",
      "cpu": [
        "mips64el"
      ],
      "dev": true,
      "license": "MIT",
      "optional": true,
      "os": [
        "linux"
      ],
      "engines": {
        "node": ">=12"
      }
    },
    "node_modules/@esbuild/linux-ppc64": {
      "version": "0.20.2",
      "resolved": "https://registry.npmjs.org/@esbuild/linux-ppc64/-/linux-ppc64-0.20.2.tgz",
      "integrity": "sha512-rD3KsaDprDcfajSKdn25ooz5J5/fWBylaaXkuotBDGnMnDP1Uv5DLAN/45qfnf3JDYyJv/ytGHQaziHUdyzaAg==",
      "cpu": [
        "ppc64"
      ],
      "dev": true,
      "license": "MIT",
      "optional": true,
      "os": [
        "linux"
      ],
      "engines": {
        "node": ">=12"
      }
    },
    "node_modules/@esbuild/linux-riscv64": {
      "version": "0.20.2",
      "resolved": "https://registry.npmjs.org/@esbuild/linux-riscv64/-/linux-riscv64-0.20.2.tgz",
      "integrity": "sha512-snwmBKacKmwTMmhLlz/3aH1Q9T8v45bKYGE3j26TsaOVtjIag4wLfWSiZykXzXuE1kbCE+zJRmwp+ZbIHinnVg==",
      "cpu": [
        "riscv64"
      ],
      "dev": true,
      "license": "MIT",
      "optional": true,
      "os": [
        "linux"
      ],
      "engines": {
        "node": ">=12"
      }
    },
    "node_modules/@esbuild/linux-s390x": {
      "version": "0.20.2",
      "resolved": "https://registry.npmjs.org/@esbuild/linux-s390x/-/linux-s390x-0.20.2.tgz",
      "integrity": "sha512-wcWISOobRWNm3cezm5HOZcYz1sKoHLd8VL1dl309DiixxVFoFe/o8HnwuIwn6sXre88Nwj+VwZUvJf4AFxkyrQ==",
      "cpu": [
        "s390x"
      ],
      "dev": true,
      "license": "MIT",
      "optional": true,
      "os": [
        "linux"
      ],
      "engines": {
        "node": ">=12"
      }
    },
    "node_modules/@esbuild/linux-x64": {
      "version": "0.20.2",
      "resolved": "https://registry.npmjs.org/@esbuild/linux-x64/-/linux-x64-0.20.2.tgz",
      "integrity": "sha512-1MdwI6OOTsfQfek8sLwgyjOXAu+wKhLEoaOLTjbijk6E2WONYpH9ZU2mNtR+lZ2B4uwr+usqGuVfFT9tMtGvGw==",
      "cpu": [
        "x64"
      ],
      "dev": true,
      "license": "MIT",
      "optional": true,
      "os": [
        "linux"
      ],
      "engines": {
        "node": ">=12"
      }
    },
    "node_modules/@esbuild/netbsd-x64": {
      "version": "0.20.2",
      "resolved": "https://registry.npmjs.org/@esbuild/netbsd-x64/-/netbsd-x64-0.20.2.tgz",
      "integrity": "sha512-K8/DhBxcVQkzYc43yJXDSyjlFeHQJBiowJ0uVL6Tor3jGQfSGHNNJcWxNbOI8v5k82prYqzPuwkzHt3J1T1iZQ==",
      "cpu": [
        "x64"
      ],
      "dev": true,
      "license": "MIT",
      "optional": true,
      "os": [
        "netbsd"
      ],
      "engines": {
        "node": ">=12"
      }
    },
    "node_modules/@esbuild/openbsd-x64": {
      "version": "0.20.2",
      "resolved": "https://registry.npmjs.org/@esbuild/openbsd-x64/-/openbsd-x64-0.20.2.tgz",
      "integrity": "sha512-eMpKlV0SThJmmJgiVyN9jTPJ2VBPquf6Kt/nAoo6DgHAoN57K15ZghiHaMvqjCye/uU4X5u3YSMgVBI1h3vKrQ==",
      "cpu": [
        "x64"
      ],
      "dev": true,
      "license": "MIT",
      "optional": true,
      "os": [
        "openbsd"
      ],
      "engines": {
        "node": ">=12"
      }
    },
    "node_modules/@esbuild/sunos-x64": {
      "version": "0.20.2",
      "resolved": "https://registry.npmjs.org/@esbuild/sunos-x64/-/sunos-x64-0.20.2.tgz",
      "integrity": "sha512-2UyFtRC6cXLyejf/YEld4Hajo7UHILetzE1vsRcGL3earZEW77JxrFjH4Ez2qaTiEfMgAXxfAZCm1fvM/G/o8w==",
      "cpu": [
        "x64"
      ],
      "dev": true,
      "license": "MIT",
      "optional": true,
      "os": [
        "sunos"
      ],
      "engines": {
        "node": ">=12"
      }
    },
    "node_modules/@esbuild/win32-arm64": {
      "version": "0.20.2",
      "resolved": "https://registry.npmjs.org/@esbuild/win32-arm64/-/win32-arm64-0.20.2.tgz",
      "integrity": "sha512-GRibxoawM9ZCnDxnP3usoUDO9vUkpAxIIZ6GQI+IlVmr5kP3zUq+l17xELTHMWTWzjxa2guPNyrpq1GWmPvcGQ==",
      "cpu": [
        "arm64"
      ],
      "dev": true,
      "license": "MIT",
      "optional": true,
      "os": [
        "win32"
      ],
      "engines": {
        "node": ">=12"
      }
    },
    "node_modules/@esbuild/win32-ia32": {
      "version": "0.20.2",
      "resolved": "https://registry.npmjs.org/@esbuild/win32-ia32/-/win32-ia32-0.20.2.tgz",
      "integrity": "sha512-HfLOfn9YWmkSKRQqovpnITazdtquEW8/SoHW7pWpuEeguaZI4QnCRW6b+oZTztdBnZOS2hqJ6im/D5cPzBTTlQ==",
      "cpu": [
        "ia32"
      ],
      "dev": true,
      "license": "MIT",
      "optional": true,
      "os": [
        "win32"
      ],
      "engines": {
        "node": ">=12"
      }
    },
    "node_modules/@esbuild/win32-x64": {
      "version": "0.20.2",
      "resolved": "https://registry.npmjs.org/@esbuild/win32-x64/-/win32-x64-0.20.2.tgz",
      "integrity": "sha512-N49X4lJX27+l9jbLKSqZ6bKNjzQvHaT8IIFUy+YIqmXQdjYCToGWwOItDrfby14c78aDd5NHQl29xingXfCdLQ==",
      "cpu": [
        "x64"
      ],
      "dev": true,
      "license": "MIT",
      "optional": true,
      "os": [
        "win32"
      ],
      "engines": {
        "node": ">=12"
      }
    },
    "node_modules/ckeditor5": {
      "version": "38.1.1",
      "resolved": "https://registry.npmjs.org/ckeditor5/-/ckeditor5-38.1.1.tgz",
      "integrity": "sha512-KE6H2WGLlhlI4F//AZn+fv52DhbwAeVv+ZeSIsa5gC81/3ZCzuYc3+IMur/70IBE9Gze8gKwFP9elh/TIaQ5Hw==",
      "license": "GPL-2.0-or-later",
      "dependencies": {
        "@ckeditor/ckeditor5-clipboard": "38.1.1",
        "@ckeditor/ckeditor5-core": "38.1.1",
        "@ckeditor/ckeditor5-engine": "38.1.1",
        "@ckeditor/ckeditor5-enter": "38.1.1",
        "@ckeditor/ckeditor5-paragraph": "38.1.1",
        "@ckeditor/ckeditor5-select-all": "38.1.1",
        "@ckeditor/ckeditor5-typing": "38.1.1",
        "@ckeditor/ckeditor5-ui": "38.1.1",
        "@ckeditor/ckeditor5-undo": "38.1.1",
        "@ckeditor/ckeditor5-upload": "38.1.1",
        "@ckeditor/ckeditor5-utils": "38.1.1",
        "@ckeditor/ckeditor5-watchdog": "38.1.1",
        "@ckeditor/ckeditor5-widget": "38.1.1"
      },
      "engines": {
        "node": ">=16.0.0",
        "npm": ">=5.7.1"
      }
    },
    "node_modules/color-convert": {
      "version": "2.0.1",
      "resolved": "https://registry.npmjs.org/color-convert/-/color-convert-2.0.1.tgz",
      "integrity": "sha512-RRECPsj7iu/xb5oKYcsFHSppFNnsj/52OVTRKb4zP5onXwVF3zVmmToNcOfGC+CRDpfK/U584fMg38ZHCaElKQ==",
      "license": "MIT",
      "dependencies": {
        "color-name": "~1.1.4"
      },
      "engines": {
        "node": ">=7.0.0"
      }
    },
    "node_modules/color-name": {
      "version": "1.1.4",
      "resolved": "https://registry.npmjs.org/color-name/-/color-name-1.1.4.tgz",
      "integrity": "sha512-dOy+3AuW3a2wNbZHIuMZpTcgjGuLU/uBL/ubcZF9OXbDo8ff4O8yVp5Bf0efS8uEoYo5q4Fx7dY9OgQGXgAsQA==",
      "license": "MIT"
    },
    "node_modules/color-parse": {
      "version": "1.4.2",
      "resolved": "https://registry.npmjs.org/color-parse/-/color-parse-1.4.2.tgz",
      "integrity": "sha512-RI7s49/8yqDj3fECFZjUI1Yi0z/Gq1py43oNJivAIIDSyJiOZLfYCRQEgn8HEVAj++PcRe8AnL2XF0fRJ3BTnA==",
      "license": "MIT",
      "dependencies": {
        "color-name": "^1.0.0"
      }
    },
    "node_modules/esbuild": {
      "version": "0.20.2",
      "resolved": "https://registry.npmjs.org/esbuild/-/esbuild-0.20.2.tgz",
      "integrity": "sha512-WdOOppmUNU+IbZ0PaDiTst80zjnrOkyJNHoKupIcVyU8Lvla3Ugx94VzkQ32Ijqd7UhHJy75gNWDMUekcrSJ6g==",
      "dev": true,
      "hasInstallScript": true,
      "license": "MIT",
      "bin": {
        "esbuild": "bin/esbuild"
      },
      "engines": {
        "node": ">=12"
      },
      "optionalDependencies": {
        "@esbuild/aix-ppc64": "0.20.2",
        "@esbuild/android-arm": "0.20.2",
        "@esbuild/android-arm64": "0.20.2",
        "@esbuild/android-x64": "0.20.2",
        "@esbuild/darwin-arm64": "0.20.2",
        "@esbuild/darwin-x64": "0.20.2",
        "@esbuild/freebsd-arm64": "0.20.2",
        "@esbuild/freebsd-x64": "0.20.2",
        "@esbuild/linux-arm": "0.20.2",
        "@esbuild/linux-arm64": "0.20.2",
        "@esbuild/linux-ia32": "0.20.2",
        "@esbuild/linux-loong64": "0.20.2",
        "@esbuild/linux-mips64el": "0.20.2",
        "@esbuild/linux-ppc64": "0.20.2",
        "@esbuild/linux-riscv64": "0.20.2",
        "@esbuild/linux-s390x": "0.20.2",
        "@esbuild/linux-x64": "0.20.2",
        "@esbuild/netbsd-x64": "0.20.2",
        "@esbuild/openbsd-x64": "0.20.2",
        "@esbuild/sunos-x64": "0.20.2",
        "@esbuild/win32-arm64": "0.20.2",
        "@esbuild/win32-ia32": "0.20.2",
        "@esbuild/win32-x64": "0.20.2"
      }
    },
    "node_modules/lodash-es": {
      "version": "4.18.1",
      "resolved": "https://registry.npmjs.org/lodash-es/-/lodash-es-4.18.1.tgz",
      "integrity": "sha512-J8xewKD/Gk22OZbhpOVSwcs60zhd95ESDwezOFuA3/099925PdHJ7OFHNTGtajL3AlZkykD32HykiMo+BIBI8A==",
      "license": "MIT"
    },
    "node_modules/vanilla-colorful": {
      "version": "0.7.2",
      "resolved": "https://registry.npmjs.org/vanilla-colorful/-/vanilla-colorful-0.7.2.tgz",
      "integrity": "sha512-z2YZusTFC6KnLERx1cgoIRX2CjPRP0W75N+3CC6gbvdX5Ch47rZkEMGO2Xnf+IEmi3RiFLxS18gayMA27iU7Kg==",
      "license": "MIT"
    }
  }
}
